// !$*UTF8*$!
{
	archiveVersion = 1;
	classes = {
	};
	objectVersion = 50;
	objects = {

/* Begin PBXBuildFile section */
		A38BE355243B39E5009B4EDF /* AppDelegate.swift in Sources */ = {isa = PBXBuildFile; fileRef = A38BE354243B39E5009B4EDF /* AppDelegate.swift */; };
		A38BE357243B39E5009B4EDF /* ViewController.swift in Sources */ = {isa = PBXBuildFile; fileRef = A38BE356243B39E5009B4EDF /* ViewController.swift */; };
		A38BE359243B39E7009B4EDF /* Assets.xcassets in Resources */ = {isa = PBXBuildFile; fileRef = A38BE358243B39E7009B4EDF /* Assets.xcassets */; };
		A38BE35C243B39E7009B4EDF /* Main.storyboard in Resources */ = {isa = PBXBuildFile; fileRef = A38BE35A243B39E7009B4EDF /* Main.storyboard */; };
		A38BE365243B3CBF009B4EDF /* Rendering.swift in Sources */ = {isa = PBXBuildFile; fileRef = A38BE364243B3CBF009B4EDF /* Rendering.swift */; };
		A38BE367243B4CFA009B4EDF /* Shaders.metal in Sources */ = {isa = PBXBuildFile; fileRef = A38BE366243B4CFA009B4EDF /* Shaders.metal */; };
/* End PBXBuildFile section */

/* Begin PBXFileReference section */
		A38BE351243B39E5009B4EDF /* MetalPipelineTutorial.app */ = {isa = PBXFileReference; explicitFileType = wrapper.application; includeInIndex = 0; path = MetalPipelineTutorial.app; sourceTree = BUILT_PRODUCTS_DIR; };
		A38BE354243B39E5009B4EDF /* AppDelegate.swift */ = {isa = PBXFileReference; lastKnownFileType = sourcecode.swift; path = AppDelegate.swift; sourceTree = "<group>"; };
		A38BE356243B39E5009B4EDF /* ViewController.swift */ = {isa = PBXFileReference; lastKnownFileType = sourcecode.swift; path = ViewController.swift; sourceTree = "<group>"; };
		A38BE358243B39E7009B4EDF /* Assets.xcassets */ = {isa = PBXFileReference; lastKnownFileType = folder.assetcatalog; path = Assets.xcassets; sourceTree = "<group>"; };
		A38BE35B243B39E7009B4EDF /* Base */ = {isa = PBXFileReference; lastKnownFileType = file.storyboard; name = Base; path = Base.lproj/Main.storyboard; sourceTree = "<group>"; };
		A38BE35D243B39E7009B4EDF /* Info.plist */ = {isa = PBXFileReference; lastKnownFileType = text.plist.xml; path = Info.plist; sourceTree = "<group>"; };
		A38BE35E243B39E7009B4EDF /* MetalPipelineTutorial.entitlements */ = {isa = PBXFileReference; lastKnownFileType = text.plist.entitlements; path = MetalPipelineTutorial.entitlements; sourceTree = "<group>"; };
		A38BE364243B3CBF009B4EDF /* Rendering.swift */ = {isa = PBXFileReference; lastKnownFileType = sourcecode.swift; path = Rendering.swift; sourceTree = "<group>"; };
		A38BE366243B4CFA009B4EDF /* Shaders.metal */ = {isa = PBXFileReference; lastKnownFileType = sourcecode.metal; path = Shaders.metal; sourceTree = "<group>"; };
/* End PBXFileReference section */

/* Begin PBXFrameworksBuildPhase section */
		A38BE34E243B39E5009B4EDF /* Frameworks */ = {
			isa = PBXFrameworksBuildPhase;
			buildActionMask = 2147483647;
			files = (
			);
			runOnlyForDeploymentPostprocessing = 0;
		};
/* End PBXFrameworksBuildPhase section */

/* Begin PBXGroup section */
		A38BE348243B39E5009B4EDF = {
			isa = PBXGroup;
			children = (
				A38BE353243B39E5009B4EDF /* MetalPipelineTutorial */,
				A38BE352243B39E5009B4EDF /* Products */,
			);
			sourceTree = "<group>";
		};
		A38BE352243B39E5009B4EDF /* Products */ = {
			isa = PBXGroup;
			children = (
				A38BE351243B39E5009B4EDF /* MetalPipelineTutorial.app */,
			);
			name = Products;
			sourceTree = "<group>";
		};
		A38BE353243B39E5009B4EDF /* MetalPipelineTutorial */ = {
			isa = PBXGroup;
			children = (
				A38BE354243B39E5009B4EDF /* AppDelegate.swift */,
				A38BE356243B39E5009B4EDF /* ViewController.swift */,
				A38BE358243B39E7009B4EDF /* Assets.xcassets */,
				A38BE35A243B39E7009B4EDF /* Main.storyboard */,
				A38BE35D243B39E7009B4EDF /* Info.plist */,
				A38BE35E243B39E7009B4EDF /* MetalPipelineTutorial.entitlements */,
				A38BE364243B3CBF009B4EDF /* Rendering.swift */,
				A38BE366243B4CFA009B4EDF /* Shaders.metal */,
			);
			path = MetalPipelineTutorial;
			sourceTree = "<group>";
		};
/* End PBXGroup section */

/* Begin PBXNativeTarget section */
		A38BE350243B39E5009B4EDF /* MetalPipelineTutorial */ = {
			isa = PBXNativeTarget;
			buildConfigurationList = A38BE361243B39E7009B4EDF /* Build configuration list for PBXNativeTarget "MetalPipelineTutorial" */;
			buildPhases = (
				A38BE34D243B39E5009B4EDF /* Sources */,
				A38BE34E243B39E5009B4EDF /* Frameworks */,
				A38BE34F243B39E5009B4EDF /* Resources */,
			);
			buildRules = (
			);
			dependencies = (
			);
			name = MetalPipelineTutorial;
			productName = MetalPipelineTutorial;
			productReference = A38BE351243B39E5009B4EDF /* MetalPipelineTutorial.app */;
			productType = "com.apple.product-type.application";
		};
/* End PBXNativeTarget section */

/* Begin PBXProject section */
		A38BE349243B39E5009B4EDF /* Project object */ = {
			isa = PBXProject;
			attributes = {
				LastSwiftUpdateCheck = 1140;
				LastUpgradeCheck = 1140;
				ORGANIZATIONNAME = "Ernest Chechelski";
				TargetAttributes = {
					A38BE350243B39E5009B4EDF = {
						CreatedOnToolsVersion = 11.4;
					};
				};
			};
			buildConfigurationList = A38BE34C243B39E5009B4EDF /* Build configuration list for PBXProject "MetalPipelineTutorial" */;
			compatibilityVersion = "Xcode 9.3";
			developmentRegion = en;
			hasScannedForEncodings = 0;
			knownRegions = (
				en,
				Base,
			);
			mainGroup = A38BE348243B39E5009B4EDF;
			productRefGroup = A38BE352243B39E5009B4EDF /* Products */;
			projectDirPath = "";
			projectRoot = "";
			targets = (
				A38BE350243B39E5009B4EDF /* MetalPipelineTutorial */,
			);
		};
/* End PBXProject section */

/* Begin PBXResourcesBuildPhase section */
		A38BE34F243B39E5009B4EDF /* Resources */ = {
			isa = PBXResourcesBuildPhase;
			buildActionMask = 2147483647;
			files = (
				A38BE359243B39E7009B4EDF /* Assets.xcassets in Resources */,
				A38BE35C243B39E7009B4EDF /* Main.storyboard in Resources */,
			);
			runOnlyForDeploymentPostprocessing = 0;
		};
/* End PBXResourcesBuildPhase section */

/* Begin PBXSourcesBuildPhase section */
		A38BE34D243B39E5009B4EDF /* Sources */ = {
			isa = PBXSourcesBuildPhase;
			buildActionMask = 2147483647;
			files = (
				A38BE367243B4CFA009B4EDF /* Shaders.metal in Sources */,
				A38BE357243B39E5009B4EDF /* ViewController.swift in Sources */,
				A38BE355243B39E5009B4EDF /* AppDelegate.swift in Sources */,
				A38BE365243B3CBF009B4EDF /* Rendering.swift in Sources */,
			);
			runOnlyForDeploymentPostprocessing = 0;
		};
/* End PBXSourcesBuildPhase section */

/* Begin PBXVariantGroup section */
		A38BE35A243B39E7009B4EDF /* Main.storyboard */ = {
			isa = PBXVariantGroup;
			children = (
				A38BE35B243B39E7009B4EDF /* Base */,
			);
			name = Main.storyboard;
			sourceTree = "<group>";
		};
/* End PBXVariantGroup section */

/* Begin XCBuildConfiguration section */
		A38BE35F243B39E7009B4EDF /* Debug */ = {
			isa = XCBuildConfiguration;
			buildSettings = {
				ALWAYS_SEARCH_USER_PATHS = NO;
				CLANG_ANALYZER_NONNULL = YES;
				CLANG_ANALYZER_NUMBER_OBJECT_CONVERSION = YES_AGGRESSIVE;
				CLANG_CXX_LANGUAGE_STANDARD = "gnu++14";
				CLANG_CXX_LIBRARY = "libc++";
				CLANG_ENABLE_MODULES = YES;
				CLANG_ENABLE_OBJC_ARC = YES;
				CLANG_ENABLE_OBJC_WEAK = YES;
				CLANG_WARN_BLOCK_CAPTURE_AUTORELEASING = YES;
				CLANG_WARN_BOOL_CONVERSION = YES;
				CLANG_WARN_COMMA = YES;
				CLANG_WARN_CONSTANT_CONVERSION = YES;
				CLANG_WARN_DEPRECATED_OBJC_IMPLEMENTATIONS = YES;
				CLANG_WARN_DIRECT_OBJC_ISA_USAGE = YES_ERROR;
				CLANG_WARN_DOCUMENTATION_COMMENTS = YES;
				CLANG_WARN_EMPTY_BODY = YES;
				CLANG_WARN_ENUM_CONVERSION = YES;
				CLANG_WARN_INFINITE_RECURSION = YES;
				CLANG_WARN_INT_CONVERSION = YES;
				CLANG_WARN_NON_LITERAL_NULL_CONVERSION = YES;
				CLANG_WARN_OBJC_IMPLICIT_RETAIN_SELF = YES;
				CLANG_WARN_OBJC_LITERAL_CONVERSION = YES;
				CLANG_WARN_OBJC_ROOT_CLASS = YES_ERROR;
				CLANG_WARN_RANGE_LOOP_ANALYSIS = YES;
				CLANG_WARN_STRICT_PROTOTYPES = YES;
				CLANG_WARN_SUSPICIOUS_MOVE = YES;
				CLANG_WARN_UNGUARDED_AVAILABILITY = YES_AGGRESSIVE;
				CLANG_WARN_UNREACHABLE_CODE = YES;
				CLANG_WARN__DUPLICATE_METHOD_MATCH = YES;
				COPY_PHASE_STRIP = NO;
				DEBUG_INFORMATION_FORMAT = dwarf;
				ENABLE_STRICT_OBJC_MSGSEND = YES;
				ENABLE_TESTABILITY = YES;
				GCC_C_LANGUAGE_STANDARD = gnu11;
				GCC_DYNAMIC_NO_PIC = NO;
				GCC_NO_COMMON_BLOCKS = YES;
				GCC_OPTIMIZATION_LEVEL = 0;
				GCC_PREPROCESSOR_DEFINITIONS = (
					"DEBUG=1",
					"$(inherited)",
				);
				GCC_WARN_64_TO_32_BIT_CONVERSION = YES;
				GCC_WARN_ABOUT_RETURN_TYPE = YES_ERROR;
				GCC_WARN_UNDECLARED_SELECTOR = YES;
				GCC_WARN_UNINITIALIZED_AUTOS = YES_AGGRESSIVE;
				GCC_WARN_UNUSED_FUNCTION = YES;
				GCC_WARN_UNUSED_VARIABLE = YES;
				MACOSX_DEPLOYMENT_TARGET = 10.15;
				MTL_ENABLE_DEBUG_INFO = INCLUDE_SOURCE;
				MTL_FAST_MATH = YES;
				ONLY_ACTIVE_ARCH = YES;
				SDKROOT = macosx;
				SWIFT_ACTIVE_COMPILATION_CONDITIONS = DEBUG;
				SWIFT_OPTIMIZATION_LEVEL = "-Onone";
			};
			name = Debug;
		};
		A38BE360243B39E7009B4EDF /* Release */ = {
			isa = XCBuildConfiguration;
			buildSettings = {
				ALWAYS_SEARCH_USER_PATHS = NO;
				CLANG_ANALYZER_NONNULL = YES;
				CLANG_ANALYZER_NUMBER_OBJECT_CONVERSION = YES_AGGRESSIVE;
				CLANG_CXX_LANGUAGE_STANDARD = "gnu++14";
				CLANG_CXX_LIBRARY = "libc++";
				CLANG_ENABLE_MODULES = YES;
				CLANG_ENABLE_OBJC_ARC = YES;
				CLANG_ENABLE_OBJC_WEAK = YES;
				CLANG_WARN_BLOCK_CAPTURE_AUTORELEASING = YES;
				CLANG_WARN_BOOL_CONVERSION = YES;
				CLANG_WARN_COMMA = YES;
				CLANG_WARN_CONSTANT_CONVERSION = YES;
				CLANG_WARN_DEPRECATED_OBJC_IMPLEMENTATIONS = YES;
				CLANG_WARN_DIRECT_OBJC_ISA_USAGE = YES_ERROR;
				CLANG_WARN_DOCUMENTATION_COMMENTS = YES;
				CLANG_WARN_EMPTY_BODY = YES;
				CLANG_WARN_ENUM_CONVERSION = YES;
				CLANG_WARN_INFINITE_RECURSION = YES;
				CLANG_WARN_INT_CONVERSION = YES;
				CLANG_WARN_NON_LITERAL_NULL_CONVERSION = YES;
				CLANG_WARN_OBJC_IMPLICIT_RETAIN_SELF = YES;
				CLANG_WARN_OBJC_LITERAL_CONVERSION = YES;
				CLANG_WARN_OBJC_ROOT_CLASS = YES_ERROR;
				CLANG_WARN_RANGE_LOOP_ANALYSIS = YES;
				CLANG_WARN_STRICT_PROTOTYPES = YES;
				CLANG_WARN_SUSPICIOUS_MOVE = YES;
				CLANG_WARN_UNGUARDED_AVAILABILITY = YES_AGGRESSIVE;
				CLANG_WARN_UNREACHABLE_CODE = YES;
				CLANG_WARN__DUPLICATE_METHOD_MATCH = YES;
				COPY_PHASE_STRIP = NO;
				DEBUG_INFORMATION_FORMAT = "dwarf-with-dsym";
				ENABLE_NS_ASSERTIONS = NO;
				ENABLE_STRICT_OBJC_MSGSEND = YES;
				GCC_C_LANGUAGE_STANDARD = gnu11;
				GCC_NO_COMMON_BLOCKS = YES;
				GCC_WARN_64_TO_32_BIT_CONVERSION = YES;
				GCC_WARN_ABOUT_RETURN_TYPE = YES_ERROR;
				GCC_WARN_UNDECLARED_SELECTOR = YES;
				GCC_WARN_UNINITIALIZED_AUTOS = YES_AGGRESSIVE;
				GCC_WARN_UNUSED_FUNCTION = YES;
				GCC_WARN_UNUSED_VARIABLE = YES;
				MACOSX_DEPLOYMENT_TARGET = 10.15;
				MTL_ENABLE_DEBUG_INFO = NO;
				MTL_FAST_MATH = YES;
				SDKROOT = macosx;
				SWIFT_COMPILATION_MODE = wholemodule;
				SWIFT_OPTIMIZATION_LEVEL = "-O";
			};
			name = Release;
		};
		A38BE362243B39E7009B4EDF /* Debug */ = {
			isa = XCBuildConfiguration;
			buildSettings = {
				ASSETCATALOG_COMPILER_APPICON_NAME = AppIcon;
				CODE_SIGN_ENTITLEMENTS = MetalPipelineTutorial/MetalPipelineTutorial.entitlements;
				CODE_SIGN_STYLE = Automatic;
				COMBINE_HIDPI_IMAGES = YES;
				INFOPLIST_FILE = MetalPipelineTutorial/Info.plist;
				LD_RUNPATH_SEARCH_PATHS = (
					"$(inherited)",
					"@executable_path/../Frameworks",
				);
				PRODUCT_BUNDLE_IDENTIFIER = ernichechelski.MetalPipelineTutorial;
				PRODUCT_NAME = "$(TARGET_NAME)";
				SWIFT_VERSION = 5.0;
			};
			name = Debug;
		};
		A38BE363243B39E7009B4EDF /* Release */ = {
			isa = XCBuildConfiguration;
			buildSettings = {
				ASSETCATALOG_COMPILER_APPICON_NAME = AppIcon;
				CODE_SIGN_ENTITLEMENTS = MetalPipelineTutorial/MetalPipelineTutorial.entitlements;
				CODE_SIGN_STYLE = Automatic;
				COMBINE_HIDPI_IMAGES = YES;
				INFOPLIST_FILE = MetalPipelineTutorial/Info.plist;
				LD_RUNPATH_SEARCH_PATHS = (
					"$(inherited)",
					"@executable_path/../Frameworks",
				);
				PRODUCT_BUNDLE_IDENTIFIER = ernichechelski.MetalPipelineTutorial;
				PRODUCT_NAME = "$(TARGET_NAME)";
				SWIFT_VERSION = 5.0;
			};
			name = Release;
		};
/* End XCBuildConfiguration section */

/* Begin XCConfigurationList section */
		A38BE34C243B39E5009B4EDF /* Build configuration list for PBXProject "MetalPipelineTutorial" */ = {
			isa = XCConfigurationList;
			buildConfigurations = (
				A38BE35F243B39E7009B4EDF /* Debug */,
				A38BE360243B39E7009B4EDF /* Release */,
			);
			defaultConfigurationIsVisible = 0;
			defaultConfigurationName = Release;
		};
		A38BE361243B39E7009B4EDF /* Build configuration list for PBXNativeTarget "MetalPipelineTutorial" */ = {
			isa = XCConfigurationList;
			buildConfigurations = (
				A38BE362243B39E7009B4EDF /* Debug */,
				A38BE363243B39E7009B4EDF /* Release */,
			);
			defaultConfigurationIsVisible = 0;
			defaultConfigurationName = Release;
		};
/* End XCConfigurationList section */
	};
	rootObject = A38BE349243B39E5009B4EDF /* Project object */;
}
